
Microsoft Visual Studio Solution File, Format Version 12.00
# Visual Studio Version 16
VisualStudioVersion = 16.0.32228.343
MinimumVisualStudioVersion = 10.0.40219.1
Project("{F184B08F-C81C-45F6-A57F-5ABD9991F28F}") = "interface marketing", "interface marketing\interface marketing.vbproj", "{F304FB71-ADD0-4BB2-A76F-65D90EBED191}"
EndProject
Global
	GlobalSection(SolutionConfigurationPlatforms) = preSolution
		Debug|Any CPU = Debug|Any CPU
		Release|Any CPU = Release|Any CPU
	EndGlobalSection
	GlobalSection(ProjectConfigurationPlatforms) = postSolution
		{F304FB71-ADD0-4BB2-A76F-65D90EBED191}.Debug|Any CPU.ActiveCfg = Debug|Any CPU
		{F304FB71-ADD0-4BB2-A76F-65D90EBED191}.Debug|Any CPU.Build.0 = Debug|Any CPU
		{F304FB71-ADD0-4BB2-A76F-65D90EBED191}.Release|Any CPU.ActiveCfg = Release|Any CPU
		{F304FB71-ADD0-4BB2-A76F-65D90EBED191}.Release|Any CPU.Build.0 = Release|Any CPU
	EndGlobalSection
	GlobalSection(SolutionProperties) = preSolution
		HideSolutionNode = FALSE
	EndGlobalSection
	GlobalSection(ExtensibilityGlobals) = postSolution
		SolutionGuid = {22F3EDCC-8B71-441B-A7ED-AAB09E21D905}
	EndGlobalSection
EndGlobal
